{
  "name": "vscode-json-languageserver",
  "version": "1.3.4",
  "lockfileVersion": 2,
  "requires": true,
  "packages": {
    "": {
      "name": "vscode-json-languageserver",
      "version": "1.3.4",
      "license": "MIT",
      "dependencies": {
        "jsonc-parser": "^3.1.0",
        "request-light": "^0.5.8",
        "vscode-json-languageservice": "^5.1.0",
        "vscode-languageserver": "^8.0.2-next.5",
        "vscode-uri": "^3.0.3"
      },
      "bin": {
        "vscode-json-languageserver": "bin/vscode-json-languageserver"
      },
      "devDependencies": {
        "@types/mocha": "^9.1.1",
        "@types/node": "16.x"
      },
      "engines": {
        "node": "*"
      }
    },
    "node_modules/@types/mocha": {
      "version": "9.1.1",
      "resolved": "https://registry.npmjs.org/@types/mocha/-/mocha-9.1.1.tgz",
      "integrity": "sha512-Z61JK7DKDtdKTWwLeElSEBcWGRLY8g95ic5FoQqI9CMx0ns/Ghep3B4DfcEimiKMvtamNVULVNKEsiwV3aQmXw==",
      "dev": true
    },
    "node_modules/@types/node": {
      "version": "16.11.47",
      "resolved": "https://registry.npmjs.org/@types/node/-/node-16.11.47.tgz",
      "integrity": "sha512-fpP+jk2zJ4VW66+wAMFoBJlx1bxmBKx4DUFf68UHgdGCOuyUTDlLWqsaNPJh7xhNDykyJ9eIzAygilP/4WoN8g==",
      "dev": true
    },
    "node_modules/jsonc-parser": {
      "version": "3.1.0",
      "resolved": "https://registry.npmjs.org/jsonc-parser/-/jsonc-parser-3.1.0.tgz",
      "integrity": "sha512-DRf0QjnNeCUds3xTjKlQQ3DpJD51GvDjJfnxUVWg6PZTo2otSm+slzNAxU/35hF8/oJIKoG9slq30JYOsF2azg=="
    },
    "node_modules/request-light": {
      "version": "0.5.8",
      "resolved": "https://registry.npmjs.org/request-light/-/request-light-0.5.8.tgz",
      "integrity": "sha512-3Zjgh+8b5fhRJBQZoy+zbVKpAQGLyka0MPgW3zruTF4dFFJ8Fqcfu9YsAvi/rvdcaTeWG3MkbZv4WKxAn/84Lg=="
    },
    "node_modules/vscode-json-languageservice": {
      "version": "5.1.0",
      "resolved": "https://registry.npmjs.org/vscode-json-languageservice/-/vscode-json-languageservice-5.1.0.tgz",
      "integrity": "sha512-D5612D7h/Gh4A0JmdttPveWzT9dur21WXvBHWKPdOt0sLO6ILz8vN6+IzWnvwDOVAEFTpzIAMVMZwbKZkwGGiA==",
      "dependencies": {
        "jsonc-parser": "^3.1.0",
        "vscode-languageserver-textdocument": "^1.0.4",
        "vscode-languageserver-types": "^3.17.1",
        "vscode-nls": "^5.0.1",
        "vscode-uri": "^3.0.3"
      }
    },
    "node_modules/vscode-jsonrpc": {
      "version": "8.0.2",
      "resolved": "https://registry.npmjs.org/vscode-jsonrpc/-/vscode-jsonrpc-8.0.2.tgz",
      "integrity": "sha512-RY7HwI/ydoC1Wwg4gJ3y6LpU9FJRZAUnTYMXthqhFXXu77ErDd/xkREpGuk4MyYkk4a+XDWAMqe0S3KkelYQEQ==",
      "engines": {
        "node": ">=14.0.0"
      }
    },
    "node_modules/vscode-languageserver": {
      "version": "8.0.2",
      "resolved": "https://registry.npmjs.org/vscode-languageserver/-/vscode-languageserver-8.0.2.tgz",
      "integrity": "sha512-bpEt2ggPxKzsAOZlXmCJ50bV7VrxwCS5BI4+egUmure/oI/t4OlFzi/YNtVvY24A2UDOZAgwFGgnZPwqSJubkA==",
      "dependencies": {
        "vscode-languageserver-protocol": "3.17.2"
      },
      "bin": {
        "installServerIntoExtension": "bin/installServerIntoExtension"
      }
    },
    "node_modules/vscode-languageserver-protocol": {
      "version": "3.17.2",
      "resolved": "https://registry.npmjs.org/vscode-languageserver-protocol/-/vscode-languageserver-protocol-3.17.2.tgz",
      "integrity": "sha512-8kYisQ3z/SQ2kyjlNeQxbkkTNmVFoQCqkmGrzLH6A9ecPlgTbp3wDTnUNqaUxYr4vlAcloxx8zwy7G5WdguYNg==",
      "dependencies": {
        "vscode-jsonrpc": "8.0.2",
        "vscode-languageserver-types": "3.17.2"
      }
    },
    "node_modules/vscode-languageserver-textdocument": {
      "version": "1.0.5",
      "resolved": "https://registry.npmjs.org/vscode-languageserver-textdocument/-/vscode-languageserver-textdocument-1.0.5.tgz",
      "integrity": "sha512-1ah7zyQjKBudnMiHbZmxz5bYNM9KKZYz+5VQLj+yr8l+9w3g+WAhCkUkWbhMEdC5u0ub4Ndiye/fDyS8ghIKQg=="
    },
    "node_modules/vscode-languageserver-types": {
      "version": "3.17.2",
      "resolved": "https://registry.npmjs.org/vscode-languageserver-types/-/vscode-languageserver-types-3.17.2.tgz",
      "integrity": "sha512-zHhCWatviizPIq9B7Vh9uvrH6x3sK8itC84HkamnBWoDFJtzBf7SWlpLCZUit72b3os45h6RWQNC9xHRDF8dRA=="
    },
    "node_modules/vscode-nls": {
      "version": "5.1.0",
      "resolved": "https://registry.npmjs.org/vscode-nls/-/vscode-nls-5.1.0.tgz",
      "integrity": "sha512-37Ha44QrLFwR2IfSSYdOArzUvOyoWbOYTwQC+wS0NfqKjhW7s0WQ1lMy5oJXgSZy9sAiZS5ifELhbpXodeMR8w=="
    },
    "node_modules/vscode-uri": {
      "version": "3.0.3",
      "resolved": "https://registry.npmjs.org/vscode-uri/-/vscode-uri-3.0.3.tgz",
      "integrity": "sha512-EcswR2S8bpR7fD0YPeS7r2xXExrScVMxg4MedACaWHEtx9ftCF/qHG1xGkolzTPcEmjTavCQgbVzHUIdTMzFGA=="
    }
  },
  "dependencies": {
    "@types/mocha": {
      "version": "9.1.1",
      "resolved": "https://registry.npmjs.org/@types/mocha/-/mocha-9.1.1.tgz",
      "integrity": "sha512-Z61JK7DKDtdKTWwLeElSEBcWGRLY8g95ic5FoQqI9CMx0ns/Ghep3B4DfcEimiKMvtamNVULVNKEsiwV3aQmXw==",
      "dev": true
    },
    "@types/node": {
      "version": "16.11.47",
      "resolved": "https://registry.npmjs.org/@types/node/-/node-16.11.47.tgz",
      "integrity": "sha512-fpP+jk2zJ4VW66+wAMFoBJlx1bxmBKx4DUFf68UHgdGCOuyUTDlLWqsaNPJh7xhNDykyJ9eIzAygilP/4WoN8g==",
      "dev": true
    },
    "jsonc-parser": {
      "version": "3.1.0",
      "resolved": "https://registry.npmjs.org/jsonc-parser/-/jsonc-parser-3.1.0.tgz",
      "integrity": "sha512-DRf0QjnNeCUds3xTjKlQQ3DpJD51GvDjJfnxUVWg6PZTo2otSm+slzNAxU/35hF8/oJIKoG9slq30JYOsF2azg=="
    },
    "request-light": {
      "version": "0.5.8",
      "resolved": "https://registry.npmjs.org/request-light/-/request-light-0.5.8.tgz",
      "integrity": "sha512-3Zjgh+8b5fhRJBQZoy+zbVKpAQGLyka0MPgW3zruTF4dFFJ8Fqcfu9YsAvi/rvdcaTeWG3MkbZv4WKxAn/84Lg=="
    },
    "vscode-json-languageservice": {
      "version": "5.1.0",
      "resolved": "https://registry.npmjs.org/vscode-json-languageservice/-/vscode-json-languageservice-5.1.0.tgz",
      "integrity": "sha512-D5612D7h/Gh4A0JmdttPveWzT9dur21WXvBHWKPdOt0sLO6ILz8vN6+IzWnvwDOVAEFTpzIAMVMZwbKZkwGGiA==",
      "requires": {
        "jsonc-parser": "^3.1.0",
        "vscode-languageserver-textdocument": "^1.0.4",
        "vscode-languageserver-types": "^3.17.1",
        "vscode-nls": "^5.0.1",
        "vscode-uri": "^3.0.3"
      }
    },
    "vscode-jsonrpc": {
      "version": "8.0.2",
      "resolved": "https://registry.npmjs.org/vscode-jsonrpc/-/vscode-jsonrpc-8.0.2.tgz",
      "integrity": "sha512-RY7HwI/ydoC1Wwg4gJ3y6LpU9FJRZAUnTYMXthqhFXXu77ErDd/xkREpGuk4MyYkk4a+XDWAMqe0S3KkelYQEQ=="
    },
    "vscode-languageserver": {
      "version": "8.0.2",
      "resolved": "https://registry.npmjs.org/vscode-languageserver/-/vscode-languageserver-8.0.2.tgz",
      "integrity": "sha512-bpEt2ggPxKzsAOZlXmCJ50bV7VrxwCS5BI4+egUmure/oI/t4OlFzi/YNtVvY24A2UDOZAgwFGgnZPwqSJubkA==",
      "requires": {
        "vscode-languageserver-protocol": "3.17.2"
      }
    },
    "vscode-languageserver-protocol": {
      "version": "3.17.2",
      "resolved": "https://registry.npmjs.org/vscode-languageserver-protocol/-/vscode-languageserver-protocol-3.17.2.tgz",
      "integrity": "sha512-8kYisQ3z/SQ2kyjlNeQxbkkTNmVFoQCqkmGrzLH6A9ecPlgTbp3wDTnUNqaUxYr4vlAcloxx8zwy7G5WdguYNg==",
      "requires": {
        "vscode-jsonrpc": "8.0.2",
        "vscode-languageserver-types": "3.17.2"
      }
    },
    "vscode-languageserver-textdocument": {
      "version": "1.0.5",
      "resolved": "https://registry.npmjs.org/vscode-languageserver-textdocument/-/vscode-languageserver-textdocument-1.0.5.tgz",
      "integrity": "sha512-1ah7zyQjKBudnMiHbZmxz5bYNM9KKZYz+5VQLj+yr8l+9w3g+WAhCkUkWbhMEdC5u0ub4Ndiye/fDyS8ghIKQg=="
    },
    "vscode-languageserver-types": {
      "version": "3.17.2",
      "resolved": "https://registry.npmjs.org/vscode-languageserver-types/-/vscode-languageserver-types-3.17.2.tgz",
      "integrity": "sha512-zHhCWatviizPIq9B7Vh9uvrH6x3sK8itC84HkamnBWoDFJtzBf7SWlpLCZUit72b3os45h6RWQNC9xHRDF8dRA=="
    },
    "vscode-nls": {
      "version": "5.1.0",
      "resolved": "https://registry.npmjs.org/vscode-nls/-/vscode-nls-5.1.0.tgz",
      "integrity": "sha512-37Ha44QrLFwR2IfSSYdOArzUvOyoWbOYTwQC+wS0NfqKjhW7s0WQ1lMy5oJXgSZy9sAiZS5ifELhbpXodeMR8w=="
    },
    "vscode-uri": {
      "version": "3.0.3",
      "resolved": "https://registry.npmjs.org/vscode-uri/-/vscode-uri-3.0.3.tgz",
      "integrity": "sha512-EcswR2S8bpR7fD0YPeS7r2xXExrScVMxg4MedACaWHEtx9ftCF/qHG1xGkolzTPcEmjTavCQgbVzHUIdTMzFGA=="
    }
  }
}
